
Microsoft Visual Studio Solution File, Format Version 12.00
# Visual Studio 15
VisualStudioVersion = 15.0.27130.2010
MinimumVisualStudioVersion = 10.0.40219.1
Project("{FAE04EC0-301F-11D3-BF4B-00C04F79EFBC}") = "SimpleBrokeredMessaging.ChatConsole", "ServiceBusExample\SimpleBrokeredMessaging.ChatConsole.csproj", "{8E69316A-DFC7-459B-AC0D-1452D110BE22}"
EndProject
Project("{FAE04EC0-301F-11D3-BF4B-00C04F79EFBC}") = "SimpleBrokeredMessaging.Sender", "SimpleBrokeredMessaging.Sender\SimpleBrokeredMessaging.Sender.csproj", "{8729FA10-6537-447D-A4D2-1B5CF1CB07F2}"
EndProject
Project("{FAE04EC0-301F-11D3-BF4B-00C04F79EFBC}") = "SimpleBrokeredMessaging.Receiver", "SimpleBrokeredMessaging.Receiver\SimpleBrokeredMessaging.Receiver.csproj", "{FBA99264-502C-447C-A9D5-FAFB8C5F0650}"
EndProject
Global
	GlobalSection(SolutionConfigurationPlatforms) = preSolution
		Debug|Any CPU = Debug|Any CPU
		Release|Any CPU = Release|Any CPU
	EndGlobalSection
	GlobalSection(ProjectConfigurationPlatforms) = postSolution
		{8E69316A-DFC7-459B-AC0D-1452D110BE22}.Debug|Any CPU.ActiveCfg = Debug|Any CPU
		{8E69316A-DFC7-459B-AC0D-1452D110BE22}.Debug|Any CPU.Build.0 = Debug|Any CPU
		{8E69316A-DFC7-459B-AC0D-1452D110BE22}.Release|Any CPU.ActiveCfg = Release|Any CPU
		{8E69316A-DFC7-459B-AC0D-1452D110BE22}.Release|Any CPU.Build.0 = Release|Any CPU
		{8729FA10-6537-447D-A4D2-1B5CF1CB07F2}.Debug|Any CPU.ActiveCfg = Debug|Any CPU
		{8729FA10-6537-447D-A4D2-1B5CF1CB07F2}.Debug|Any CPU.Build.0 = Debug|Any CPU
		{8729FA10-6537-447D-A4D2-1B5CF1CB07F2}.Release|Any CPU.ActiveCfg = Release|Any CPU
		{8729FA10-6537-447D-A4D2-1B5CF1CB07F2}.Release|Any CPU.Build.0 = Release|Any CPU
		{FBA99264-502C-447C-A9D5-FAFB8C5F0650}.Debug|Any CPU.ActiveCfg = Debug|Any CPU
		{FBA99264-502C-447C-A9D5-FAFB8C5F0650}.Debug|Any CPU.Build.0 = Debug|Any CPU
		{FBA99264-502C-447C-A9D5-FAFB8C5F0650}.Release|Any CPU.ActiveCfg = Release|Any CPU
		{FBA99264-502C-447C-A9D5-FAFB8C5F0650}.Release|Any CPU.Build.0 = Release|Any CPU
	EndGlobalSection
	GlobalSection(SolutionProperties) = preSolution
		HideSolutionNode = FALSE
	EndGlobalSection
	GlobalSection(ExtensibilityGlobals) = postSolution
		SolutionGuid = {AC42DF7A-1FBD-4593-9A8F-552FF7458263}
	EndGlobalSection
EndGlobal
